
Microsoft Visual Studio Solution File, Format Version 12.00
# Visual Studio Version 17
VisualStudioVersion = 17.14.36511.14 d17.14
MinimumVisualStudioVersion = 10.0.40219.1
Project("{FAE04EC0-301F-11D3-BF4B-00C04F79EFBC}") = "Escape Room Digital", "Escape Room Digital\Escape Room Digital.csproj", "{7B0D9A6A-8811-4572-AA66-81DB189D9861}"
EndProject
Global
	GlobalSection(SolutionConfigurationPlatforms) = preSolution
		Debug|Any CPU = Debug|Any CPU
		Release|Any CPU = Release|Any CPU
	EndGlobalSection
	GlobalSection(ProjectConfigurationPlatforms) = postSolution
		{7B0D9A6A-8811-4572-AA66-81DB189D9861}.Debug|Any CPU.ActiveCfg = Debug|Any CPU
		{7B0D9A6A-8811-4572-AA66-81DB189D9861}.Debug|Any CPU.Build.0 = Debug|Any CPU
		{7B0D9A6A-8811-4572-AA66-81DB189D9861}.Release|Any CPU.ActiveCfg = Release|Any CPU
		{7B0D9A6A-8811-4572-AA66-81DB189D9861}.Release|Any CPU.Build.0 = Release|Any CPU
	EndGlobalSection
	GlobalSection(SolutionProperties) = preSolution
		HideSolutionNode = FALSE
	EndGlobalSection
	GlobalSection(ExtensibilityGlobals) = postSolution
		SolutionGuid = {D1516B50-402C-41D8-9AA5-D4343B53B2DA}
	EndGlobalSection
EndGlobal
